
Microsoft Visual Studio Solution File, Format Version 12.00
# Visual Studio 15
VisualStudioVersion = 15.0.27130.2036
MinimumVisualStudioVersion = 10.0.40219.1
Project("{9A19103F-16F7-4668-BE54-9A1E7A4F7556}") = "LexicalAnalyzer", "LexicalAnalyzer\LexicalAnalyzer.csproj", "{A9FFA877-8CA3-49C3-912A-CF20A80DC8A1}"
EndProject
Global
	GlobalSection(SolutionConfigurationPlatforms) = preSolution
		Debug|Any CPU = Debug|Any CPU
		Release|Any CPU = Release|Any CPU
	EndGlobalSection
	GlobalSection(ProjectConfigurationPlatforms) = postSolution
		{A9FFA877-8CA3-49C3-912A-CF20A80DC8A1}.Debug|Any CPU.ActiveCfg = Debug|Any CPU
		{A9FFA877-8CA3-49C3-912A-CF20A80DC8A1}.Debug|Any CPU.Build.0 = Debug|Any CPU
		{A9FFA877-8CA3-49C3-912A-CF20A80DC8A1}.Release|Any CPU.ActiveCfg = Release|Any CPU
		{A9FFA877-8CA3-49C3-912A-CF20A80DC8A1}.Release|Any CPU.Build.0 = Release|Any CPU
	EndGlobalSection
	GlobalSection(SolutionProperties) = preSolution
		HideSolutionNode = FALSE
	EndGlobalSection
	GlobalSection(ExtensibilityGlobals) = postSolution
		SolutionGuid = {B09727F5-38BB-4311-A767-4BF3FD6B653C}
	EndGlobalSection
EndGlobal
